lockfileVersion: '6.0'

dependencies:
  remark:
    specifier: ^14.0.3
    version: 14.0.3
  remark-docx:
    specifier: ^0.1.3
    version: 0.1.3
  remark-parse:
    specifier: ^10.0.2
    version: 10.0.2
  unified:
    specifier: ^10.1.2
    version: 10.1.2

devDependencies:
  tslib:
    specifier: ^2.5.2
    version: 2.5.2

packages:

  /@types/debug@4.1.7:
    resolution: {integrity: sha512-9AonUzyTjXXhEOa0DnqpzZi6VHlqKMswga9EXjpXnnqxwLtdvPPtlO8evrI5D9S6asFRCQ6v+wpiUKbw+vKqyg==}
    dependencies:
      '@types/ms': 0.7.31
    dev: false

  /@types/mdast@3.0.11:
    resolution: {integrity: sha512-Y/uImid8aAwrEA24/1tcRZwpxX3pIFTSilcNDKSPn+Y2iDywSEachzRuvgAYYLR3wpGXAsMbv5lvKLDZLeYPAw==}
    dependencies:
      '@types/unist': 2.0.6
    dev: false

  /@types/ms@0.7.31:
    resolution: {integrity: sha512-iiUgKzV9AuaEkZqkOLDIvlQiL6ltuZd9tGcW3gwpnX8JbuiuhFlEGmmFXEXkN50Cvq7Os88IY2v0dkDqXYWVgA==}
    dev: false

  /@types/node@18.16.14:
    resolution: {integrity: sha512-+ImzUB3mw2c5ISJUq0punjDilUQ5GnUim0ZRvchHIWJmOC0G+p0kzhXBqj6cDjK0QdPFwzrHWgrJp3RPvCG5qg==}
    dev: false

  /@types/unist@2.0.6:
    resolution: {integrity: sha512-PBjIUxZHOuj0R15/xuwJYjFi+KZdNFrehocChv4g5hu6aFroHue8m0lBP0POdK2nKzbw0cgV1mws8+V/JAcEkQ==}
    dev: false

  /@unified-latex/unified-latex-builder@1.3.1:
    resolution: {integrity: sha512-X2nUVgrdGz5QwCFtQGheI3cw0DmyPKVHY6XZkOy316UVLZVGYKhvsFpdIguXGfcrlz7McyXa6NoFew3N/EP/lQ==}
    dependencies:
      '@unified-latex/unified-latex-types': 1.3.1
    dev: false

  /@unified-latex/unified-latex-ctan@1.3.2:
    resolution: {integrity: sha512-8KdEfN4y365ftGXE1pJF3K2k28YylMqLLAZ83ZKKBs+eAhr2SEjgMorKm307ZtZuWglCJtoZbJ87Lmk0mZinbQ==}
    dependencies:
      '@unified-latex/unified-latex-builder': 1.3.1
      '@unified-latex/unified-latex-types': 1.3.1
      '@unified-latex/unified-latex-util-argspec': 1.3.1
      '@unified-latex/unified-latex-util-arguments': 1.3.2
      '@unified-latex/unified-latex-util-comments': 1.3.2
      '@unified-latex/unified-latex-util-match': 1.3.1
      '@unified-latex/unified-latex-util-pegjs': 1.3.1
      '@unified-latex/unified-latex-util-print-raw': 1.3.1
      '@unified-latex/unified-latex-util-render-info': 1.3.2
      '@unified-latex/unified-latex-util-replace': 1.3.2
      '@unified-latex/unified-latex-util-scan': 1.3.1
      '@unified-latex/unified-latex-util-split': 1.3.1
      '@unified-latex/unified-latex-util-trim': 1.3.2
      '@unified-latex/unified-latex-util-visit': 1.3.2
      color: 4.2.3
    dev: false

  /@unified-latex/unified-latex-types@1.3.1:
    resolution: {integrity: sha512-697Wc68b6HC4pG9+Gpt9hvZYJUeKQzNGY3ONTVERN3Sqfngd64i2p1Yh1dcqMxspckXaXwIn72XHRBSofITxSw==}
    dev: false

  /@unified-latex/unified-latex-util-argspec@1.3.1:
    resolution: {integrity: sha512-nKFq2ziVxJpRt6oE08HnpGMOugfgRHDsf9ydO7mzhOpVxDbVbr7y0T71CnJOwFZz6lFJJIsFv/J2yiKNtYD1TA==}
    dependencies:
      '@unified-latex/unified-latex-util-pegjs': 1.3.1
    dev: false

  /@unified-latex/unified-latex-util-arguments@1.3.2:
    resolution: {integrity: sha512-2s7NAgwv8yWg8vxYg20YiOks/1dOfv9wVCxJx5H79t+N20GHimn/JmAWwjHKo8LEhiRk/272Z7kQNg84MbWjoA==}
    dependencies:
      '@unified-latex/unified-latex-builder': 1.3.1
      '@unified-latex/unified-latex-types': 1.3.1
      '@unified-latex/unified-latex-util-argspec': 1.3.1
      '@unified-latex/unified-latex-util-match': 1.3.1
      '@unified-latex/unified-latex-util-render-info': 1.3.2
      '@unified-latex/unified-latex-util-scan': 1.3.1
      '@unified-latex/unified-latex-util-visit': 1.3.2
      unified: 10.1.2
    dev: false

  /@unified-latex/unified-latex-util-comments@1.3.2:
    resolution: {integrity: sha512-Tuu5jmFtvvcqZwigehNvOnD8G2jn+Hyqt639ngGhmuvLfZk44mAv+NOSJsWSPnZJRATayRwgGfK4yIHGtzWh5Q==}
    dependencies:
      '@unified-latex/unified-latex-types': 1.3.1
      '@unified-latex/unified-latex-util-match': 1.3.1
      '@unified-latex/unified-latex-util-replace': 1.3.2
    dev: false

  /@unified-latex/unified-latex-util-environments@1.3.2:
    resolution: {integrity: sha512-rXxNn8av8t8kXcune0zp++a893+q1rdeX8M4/DzpoH5BEQvgM6SyeBy/5sk6VgDy7lFa7E0yVOKhsArlxj0kxg==}
    dependencies:
      '@unified-latex/unified-latex-types': 1.3.1
      '@unified-latex/unified-latex-util-arguments': 1.3.2
      '@unified-latex/unified-latex-util-match': 1.3.1
      '@unified-latex/unified-latex-util-print-raw': 1.3.1
      '@unified-latex/unified-latex-util-render-info': 1.3.2
      '@unified-latex/unified-latex-util-visit': 1.3.2
      unified: 10.1.2
    dev: false

  /@unified-latex/unified-latex-util-match@1.3.1:
    resolution: {integrity: sha512-tFgcbL8bMOVvOt9+ADzaiPZTN+P6bECu1sUNNdS/uVK+MXhr/1iJDfOkaJEoKGYEScyivS3i2gtVsJW4VM+QIQ==}
    dependencies:
      '@unified-latex/unified-latex-types': 1.3.1
      '@unified-latex/unified-latex-util-print-raw': 1.3.1
    dev: false

  /@unified-latex/unified-latex-util-parse@1.0.12:
    resolution: {integrity: sha512-v8QUHDKLCgMU5GZ0ZCc4zBqwRhuSTTjx9N/LLC3lxXgzFPUICfq6geR1Y4WPUccaAWZqAclAh/dKrkFrlG165Q==}
    dependencies:
      '@unified-latex/unified-latex-ctan': 1.3.2
      '@unified-latex/unified-latex-types': 1.3.1
      '@unified-latex/unified-latex-util-arguments': 1.3.2
      '@unified-latex/unified-latex-util-environments': 1.3.2
      '@unified-latex/unified-latex-util-match': 1.3.1
      '@unified-latex/unified-latex-util-pegjs': 1.3.1
      '@unified-latex/unified-latex-util-print-raw': 1.3.1
      '@unified-latex/unified-latex-util-trim': 1.3.2
      '@unified-latex/unified-latex-util-visit': 1.3.2
      unified: 10.1.2
    dev: false

  /@unified-latex/unified-latex-util-pegjs@1.3.1:
    resolution: {integrity: sha512-iRM3gteoqbVG7qr8h4byJavJOfnNlqkGcleWRG40242NxQfavVlaRtCNcBi0agyqgQ5kCgFHSvqDI8V7FvPflg==}
    dependencies:
      '@unified-latex/unified-latex-types': 1.3.1
      '@unified-latex/unified-latex-util-match': 1.3.1
    dev: false

  /@unified-latex/unified-latex-util-print-raw@1.3.1:
    resolution: {integrity: sha512-c2LiNMdr4UBR9r+lzW3EdW7wlpcCpaeHIR5vO8vpD7KRF2sajshgeBD7ZhJ++t0axr6HTKTKy4JN12zV2UIotQ==}
    dependencies:
      '@unified-latex/unified-latex-types': 1.3.1
    dev: false

  /@unified-latex/unified-latex-util-render-info@1.3.2:
    resolution: {integrity: sha512-vQeLe94UrLoGYxx75EFl4F5PFd0a8Fe4c10PuX26V9ferM9s3xsDzzIIGWF1WRV2rSu0JzMwGP0JCyRwjvY4hQ==}
    dependencies:
      '@unified-latex/unified-latex-types': 1.3.1
      '@unified-latex/unified-latex-util-visit': 1.3.2
    dev: false

  /@unified-latex/unified-latex-util-replace@1.3.2:
    resolution: {integrity: sha512-AnHH8P0P/KJGledsL0x2Mb1X+Z9LUuINHfb8vPfkNnK05xXcpksoTrq13qRSWDs5UW+AY3t+lYRa8eBwnFtVBg==}
    dependencies:
      '@unified-latex/unified-latex-types': 1.3.1
      '@unified-latex/unified-latex-util-match': 1.3.1
      '@unified-latex/unified-latex-util-split': 1.3.1
      '@unified-latex/unified-latex-util-trim': 1.3.2
      '@unified-latex/unified-latex-util-visit': 1.3.2
      unified: 10.1.2
    dev: false

  /@unified-latex/unified-latex-util-scan@1.3.1:
    resolution: {integrity: sha512-mMG0wRKcUlz0oryeo7eKhsFEYs9W2FLPNuT4pPUgJNkVOrWMRfgnBXlY+3MeGFSM5GWa90BK3loLcMwtR0FmSw==}
    dependencies:
      '@unified-latex/unified-latex-types': 1.3.1
      '@unified-latex/unified-latex-util-match': 1.3.1
      '@unified-latex/unified-latex-util-print-raw': 1.3.1
      trie-prefix-tree: 1.5.1
    dev: false

  /@unified-latex/unified-latex-util-split@1.3.1:
    resolution: {integrity: sha512-OCeRB2tbp7P1yzAP0tCrSBm4D3LS0angf6UH4rX7PzhxalKNyo6K4oIHsp5zavaoBtxJ7LvdNnc9hXrxhBSnIg==}
    dependencies:
      '@unified-latex/unified-latex-types': 1.3.1
      '@unified-latex/unified-latex-util-match': 1.3.1
    dev: false

  /@unified-latex/unified-latex-util-trim@1.3.2:
    resolution: {integrity: sha512-ZZAQPWQeUcnwTnONas7tcTfQgi0qyLj8cWNXDlCQSGr1sCRpTy/uViFH9FwNmquE9/wLGEoF1XMMfOwgBk6U8Q==}
    dependencies:
      '@unified-latex/unified-latex-types': 1.3.1
      '@unified-latex/unified-latex-util-match': 1.3.1
      '@unified-latex/unified-latex-util-render-info': 1.3.2
      '@unified-latex/unified-latex-util-visit': 1.3.2
      unified: 10.1.2
    dev: false

  /@unified-latex/unified-latex-util-visit@1.3.2:
    resolution: {integrity: sha512-5zqM7wRGpxWXb/x6yER2Se+4Q1kyI7rx1TKhVilwEqBPJX3fzLO6bs2gFoZGylmAY0chd8jc8Mn3L2xbX7gERA==}
    dependencies:
      '@unified-latex/unified-latex-types': 1.3.1
      '@unified-latex/unified-latex-util-match': 1.3.1
    dev: false

  /bail@2.0.2:
    resolution: {integrity: sha512-0xO6mYd7JB2YesxDKplafRpsiOzPt9V02ddPCLbY1xYGPOX24NTyN50qnUxgCPcSoYMhKpAuBTjQoRZCAkUDRw==}
    dev: false

  /character-entities@2.0.2:
    resolution: {integrity: sha512-shx7oQ0Awen/BRIdkjkvz54PnEEI/EjwXDSIZp86/KKdbafHh1Df/RYGBhn4hbe2+uKC9FnT5UCEdyPz3ai9hQ==}
    dev: false

  /color-convert@2.0.1:
    resolution: {integrity: sha512-RRECPsj7iu/xb5oKYcsFHSppFNnsj/52OVTRKb4zP5onXwVF3zVmmToNcOfGC+CRDpfK/U584fMg38ZHCaElKQ==}
    engines: {node: '>=7.0.0'}
    dependencies:
      color-name: 1.1.4
    dev: false

  /color-name@1.1.4:
    resolution: {integrity: sha512-dOy+3AuW3a2wNbZHIuMZpTcgjGuLU/uBL/ubcZF9OXbDo8ff4O8yVp5Bf0efS8uEoYo5q4Fx7dY9OgQGXgAsQA==}
    dev: false

  /color-string@1.9.1:
    resolution: {integrity: sha512-shrVawQFojnZv6xM40anx4CkoDP+fZsw/ZerEMsW/pyzsRbElpsL/DBVW7q3ExxwusdNXI3lXpuhEZkzs8p5Eg==}
    dependencies:
      color-name: 1.1.4
      simple-swizzle: 0.2.2
    dev: false

  /color@4.2.3:
    resolution: {integrity: sha512-1rXeuUUiGGrykh+CeBdu5Ie7OJwinCgQY0bc7GCRxy5xVHy+moaqkpL/jqQq0MtQOeYcrqEz4abc5f0KtU7W4A==}
    engines: {node: '>=12.5.0'}
    dependencies:
      color-convert: 2.0.1
      color-string: 1.9.1
    dev: false

  /core-util-is@1.0.3:
    resolution: {integrity: sha512-ZQBvi1DcpJ4GDqanjucZ2Hj3wEO5pZDS89BWbkcrvdxksJorwUDDZamX9ldFkp9aw2lmBDLgkObEA4DWNJ9FYQ==}
    dev: false

  /debug@4.3.4:
    resolution: {integrity: sha512-PRWFHuSU3eDtQJPvnNY7Jcket1j0t5OuOsFzPPzsekD52Zl8qUfFIPEiswXqIvHWGVHOgX+7G/vCNNhehwxfkQ==}
    engines: {node: '>=6.0'}
    peerDependencies:
      supports-color: '*'
    peerDependenciesMeta:
      supports-color:
        optional: true
    dependencies:
      ms: 2.1.2
    dev: false

  /decode-named-character-reference@1.0.2:
    resolution: {integrity: sha512-O8x12RzrUF8xyVcY0KJowWsmaJxQbmy0/EtnNtHRpsOcT7dFk5W598coHqBVpmWo1oQQfsCqfCmkZN5DJrZVdg==}
    dependencies:
      character-entities: 2.0.2
    dev: false

  /dequal@2.0.3:
    resolution: {integrity: sha512-0je+qPKHEMohvfRTCEo3CrPG6cAzAYgmzKyxRiYSSDkS6eGJdyVJm7WaYA5ECaAD9wLB2T4EEeymA5aFVcYXCA==}
    engines: {node: '>=6'}
    dev: false

  /diff@5.1.0:
    resolution: {integrity: sha512-D+mk+qE8VC/PAUrlAU34N+VfXev0ghe5ywmpqrawphmVZc1bEfn56uo9qpyGp1p4xpzOHkSW4ztBd6L7Xx4ACw==}
    engines: {node: '>=0.3.1'}
    dev: false

  /docx@7.8.2:
    resolution: {integrity: sha512-ptaiVZunYO04z113E/jR3yZx7/VaeUap2CHM9V1YwlmGygJ2W8y2KBmAsVgzlzs+qT7+3d5W3Q7+57BgvGiL+Q==}
    engines: {node: '>=10'}
    dependencies:
      '@types/node': 18.16.14
      jszip: 3.10.1
      nanoid: 3.3.6
      xml: 1.0.1
      xml-js: 1.6.11
    dev: false

  /extend@3.0.2:
    resolution: {integrity: sha512-fjquC59cD7CyW6urNXK0FBufkZcoiGG80wTuPujX590cB5Ttln20E2UB4S/WARVqhXffZl2LNgS+gQdPIIim/g==}
    dev: false

  /immediate@3.0.6:
    resolution: {integrity: sha512-XXOFtyqDjNDAQxVfYxuF7g9Il/IbWmmlQg2MYKOH8ExIT1qg6xc4zyS3HaEEATgs1btfzxq15ciUiY7gjSXRGQ==}
    dev: false

  /inherits@2.0.4:
    resolution: {integrity: sha512-k/vGaX4/Yla3WzyMCvTQOXYeIHvqOKtnqBduzTHpzpQZzAskKMhZ2K+EnBiSM9zGSoIFeMpXKxa4dYeZIQqewQ==}
    dev: false

  /is-arrayish@0.3.2:
    resolution: {integrity: sha512-eVRqCvVlZbuw3GrM63ovNSNAeA1K16kaR/LRY/92w0zxQ5/1YzwblUX652i4Xs9RwAGjW9d9y6X88t8OaAJfWQ==}
    dev: false

  /is-buffer@2.0.5:
    resolution: {integrity: sha512-i2R6zNFDwgEHJyQUtJEk0XFi1i0dPFn/oqjK3/vPCcDeJvW5NQ83V8QbicfF1SupOaB0h8ntgBC2YiE7dfyctQ==}
    engines: {node: '>=4'}
    dev: false

  /is-plain-obj@4.1.0:
    resolution: {integrity: sha512-+Pgi+vMuUNkJyExiMBt5IlFoMyKnr5zhJ4Uspz58WOhBF5QoIZkFyNHIbBAtHwzVAgk5RtndVNsDRN61/mmDqg==}
    engines: {node: '>=12'}
    dev: false

  /isarray@1.0.0:
    resolution: {integrity: sha512-VLghIWNM6ELQzo7zwmcg0NmTVyWKYjvIeM83yjp0wRDTmUnrM678fQbcKBo6n2CJEF0szoG//ytg+TKla89ALQ==}
    dev: false

  /jszip@3.10.1:
    resolution: {integrity: sha512-xXDvecyTpGLrqFrvkrUSoxxfJI5AH7U8zxxtVclpsUtMCq4JQ290LY8AW5c7Ggnr/Y/oK+bQMbqK2qmtk3pN4g==}
    dependencies:
      lie: 3.3.0
      pako: 1.0.11
      readable-stream: 2.3.8
      setimmediate: 1.0.5
    dev: false

  /kleur@4.1.5:
    resolution: {integrity: sha512-o+NO+8WrRiQEE4/7nwRJhN1HWpVmJm511pBHUxPLtp0BUISzlBplORYSmTclCnJvQq2tKu/sgl3xVpkc7ZWuQQ==}
    engines: {node: '>=6'}
    dev: false

  /lie@3.3.0:
    resolution: {integrity: sha512-UaiMJzeWRlEujzAuw5LokY1L5ecNQYZKfmyZ9L7wDHb/p5etKaxXhohBcrw0EYby+G/NA52vRSN4N39dxHAIwQ==}
    dependencies:
      immediate: 3.0.6
    dev: false

  /longest-streak@3.1.0:
    resolution: {integrity: sha512-9Ri+o0JYgehTaVBBDoMqIl8GXtbWg711O3srftcHhZ0dqnETqLaoIK0x17fUw9rFSlK/0NlsKe0Ahhyl5pXE2g==}
    dev: false

  /mdast-util-from-markdown@1.3.0:
    resolution: {integrity: sha512-HN3W1gRIuN/ZW295c7zi7g9lVBllMgZE40RxCX37wrTPWXCWtpvOZdfnuK+1WNpvZje6XuJeI3Wnb4TJEUem+g==}
    dependencies:
      '@types/mdast': 3.0.11
      '@types/unist': 2.0.6
      decode-named-character-reference: 1.0.2
      mdast-util-to-string: 3.2.0
      micromark: 3.1.0
      micromark-util-decode-numeric-character-reference: 1.0.0
      micromark-util-decode-string: 1.0.2
      micromark-util-normalize-identifier: 1.0.0
      micromark-util-symbol: 1.0.1
      micromark-util-types: 1.0.2
      unist-util-stringify-position: 3.0.3
      uvu: 0.5.6
    transitivePeerDependencies:
      - supports-color
    dev: false

  /mdast-util-phrasing@3.0.1:
    resolution: {integrity: sha512-WmI1gTXUBJo4/ZmSk79Wcb2HcjPJBzM1nlI/OUWA8yk2X9ik3ffNbBGsU+09BFmXaL1IBb9fiuvq6/KMiNycSg==}
    dependencies:
      '@types/mdast': 3.0.11
      unist-util-is: 5.2.1
    dev: false

  /mdast-util-to-markdown@1.5.0:
    resolution: {integrity: sha512-bbv7TPv/WC49thZPg3jXuqzuvI45IL2EVAr/KxF0BSdHsU0ceFHOmwQn6evxAh1GaoK/6GQ1wp4R4oW2+LFL/A==}
    dependencies:
      '@types/mdast': 3.0.11
      '@types/unist': 2.0.6
      longest-streak: 3.1.0
      mdast-util-phrasing: 3.0.1
      mdast-util-to-string: 3.2.0
      micromark-util-decode-string: 1.0.2
      unist-util-visit: 4.1.2
      zwitch: 2.0.4
    dev: false

  /mdast-util-to-string@3.2.0:
    resolution: {integrity: sha512-V4Zn/ncyN1QNSqSBxTrMOLpjr+IKdHl2v3KVLoWmDPscP4r9GcCi71gjgvUV1SFSKh92AjAG4peFuBl2/YgCJg==}
    dependencies:
      '@types/mdast': 3.0.11
    dev: false

  /micromark-core-commonmark@1.0.6:
    resolution: {integrity: sha512-K+PkJTxqjFfSNkfAhp4GB+cZPfQd6dxtTXnf+RjZOV7T4EEXnvgzOcnp+eSTmpGk9d1S9sL6/lqrgSNn/s0HZA==}
    dependencies:
      decode-named-character-reference: 1.0.2
      micromark-factory-destination: 1.0.0
      micromark-factory-label: 1.0.2
      micromark-factory-space: 1.0.0
      micromark-factory-title: 1.0.2
      micromark-factory-whitespace: 1.0.0
      micromark-util-character: 1.1.0
      micromark-util-chunked: 1.0.0
      micromark-util-classify-character: 1.0.0
      micromark-util-html-tag-name: 1.1.0
      micromark-util-normalize-identifier: 1.0.0
      micromark-util-resolve-all: 1.0.0
      micromark-util-subtokenize: 1.0.2
      micromark-util-symbol: 1.0.1
      micromark-util-types: 1.0.2
      uvu: 0.5.6
    dev: false

  /micromark-factory-destination@1.0.0:
    resolution: {integrity: sha512-eUBA7Rs1/xtTVun9TmV3gjfPz2wEwgK5R5xcbIM5ZYAtvGF6JkyaDsj0agx8urXnO31tEO6Ug83iVH3tdedLnw==}
    dependencies:
      micromark-util-character: 1.1.0
      micromark-util-symbol: 1.0.1
      micromark-util-types: 1.0.2
    dev: false

  /micromark-factory-label@1.0.2:
    resolution: {integrity: sha512-CTIwxlOnU7dEshXDQ+dsr2n+yxpP0+fn271pu0bwDIS8uqfFcumXpj5mLn3hSC8iw2MUr6Gx8EcKng1dD7i6hg==}
    dependencies:
      micromark-util-character: 1.1.0
      micromark-util-symbol: 1.0.1
      micromark-util-types: 1.0.2
      uvu: 0.5.6
    dev: false

  /micromark-factory-space@1.0.0:
    resolution: {integrity: sha512-qUmqs4kj9a5yBnk3JMLyjtWYN6Mzfcx8uJfi5XAveBniDevmZasdGBba5b4QsvRcAkmvGo5ACmSUmyGiKTLZew==}
    dependencies:
      micromark-util-character: 1.1.0
      micromark-util-types: 1.0.2
    dev: false

  /micromark-factory-title@1.0.2:
    resolution: {integrity: sha512-zily+Nr4yFqgMGRKLpTVsNl5L4PMu485fGFDOQJQBl2NFpjGte1e86zC0da93wf97jrc4+2G2GQudFMHn3IX+A==}
    dependencies:
      micromark-factory-space: 1.0.0
      micromark-util-character: 1.1.0
      micromark-util-symbol: 1.0.1
      micromark-util-types: 1.0.2
      uvu: 0.5.6
    dev: false

  /micromark-factory-whitespace@1.0.0:
    resolution: {integrity: sha512-Qx7uEyahU1lt1RnsECBiuEbfr9INjQTGa6Err+gF3g0Tx4YEviPbqqGKNv/NrBaE7dVHdn1bVZKM/n5I/Bak7A==}
    dependencies:
      micromark-factory-space: 1.0.0
      micromark-util-character: 1.1.0
      micromark-util-symbol: 1.0.1
      micromark-util-types: 1.0.2
    dev: false

  /micromark-util-character@1.1.0:
    resolution: {integrity: sha512-agJ5B3unGNJ9rJvADMJ5ZiYjBRyDpzKAOk01Kpi1TKhlT1APx3XZk6eN7RtSz1erbWHC2L8T3xLZ81wdtGRZzg==}
    dependencies:
      micromark-util-symbol: 1.0.1
      micromark-util-types: 1.0.2
    dev: false

  /micromark-util-chunked@1.0.0:
    resolution: {integrity: sha512-5e8xTis5tEZKgesfbQMKRCyzvffRRUX+lK/y+DvsMFdabAicPkkZV6gO+FEWi9RfuKKoxxPwNL+dFF0SMImc1g==}
    dependencies:
      micromark-util-symbol: 1.0.1
    dev: false

  /micromark-util-classify-character@1.0.0:
    resolution: {integrity: sha512-F8oW2KKrQRb3vS5ud5HIqBVkCqQi224Nm55o5wYLzY/9PwHGXC01tr3d7+TqHHz6zrKQ72Okwtvm/xQm6OVNZA==}
    dependencies:
      micromark-util-character: 1.1.0
      micromark-util-symbol: 1.0.1
      micromark-util-types: 1.0.2
    dev: false

  /micromark-util-combine-extensions@1.0.0:
    resolution: {integrity: sha512-J8H058vFBdo/6+AsjHp2NF7AJ02SZtWaVUjsayNFeAiydTxUwViQPxN0Hf8dp4FmCQi0UUFovFsEyRSUmFH3MA==}
    dependencies:
      micromark-util-chunked: 1.0.0
      micromark-util-types: 1.0.2
    dev: false

  /micromark-util-decode-numeric-character-reference@1.0.0:
    resolution: {integrity: sha512-OzO9AI5VUtrTD7KSdagf4MWgHMtET17Ua1fIpXTpuhclCqD8egFWo85GxSGvxgkGS74bEahvtM0WP0HjvV0e4w==}
    dependencies:
      micromark-util-symbol: 1.0.1
    dev: false

  /micromark-util-decode-string@1.0.2:
    resolution: {integrity: sha512-DLT5Ho02qr6QWVNYbRZ3RYOSSWWFuH3tJexd3dgN1odEuPNxCngTCXJum7+ViRAd9BbdxCvMToPOD/IvVhzG6Q==}
    dependencies:
      decode-named-character-reference: 1.0.2
      micromark-util-character: 1.1.0
      micromark-util-decode-numeric-character-reference: 1.0.0
      micromark-util-symbol: 1.0.1
    dev: false

  /micromark-util-encode@1.0.1:
    resolution: {integrity: sha512-U2s5YdnAYexjKDel31SVMPbfi+eF8y1U4pfiRW/Y8EFVCy/vgxk/2wWTxzcqE71LHtCuCzlBDRU2a5CQ5j+mQA==}
    dev: false

  /micromark-util-html-tag-name@1.1.0:
    resolution: {integrity: sha512-BKlClMmYROy9UiV03SwNmckkjn8QHVaWkqoAqzivabvdGcwNGMMMH/5szAnywmsTBUzDsU57/mFi0sp4BQO6dA==}
    dev: false

  /micromark-util-normalize-identifier@1.0.0:
    resolution: {integrity: sha512-yg+zrL14bBTFrQ7n35CmByWUTFsgst5JhA4gJYoty4Dqzj4Z4Fr/DHekSS5aLfH9bdlfnSvKAWsAgJhIbogyBg==}
    dependencies:
      micromark-util-symbol: 1.0.1
    dev: false

  /micromark-util-resolve-all@1.0.0:
    resolution: {integrity: sha512-CB/AGk98u50k42kvgaMM94wzBqozSzDDaonKU7P7jwQIuH2RU0TeBqGYJz2WY1UdihhjweivStrJ2JdkdEmcfw==}
    dependencies:
      micromark-util-types: 1.0.2
    dev: false

  /micromark-util-sanitize-uri@1.1.0:
    resolution: {integrity: sha512-RoxtuSCX6sUNtxhbmsEFQfWzs8VN7cTctmBPvYivo98xb/kDEoTCtJQX5wyzIYEmk/lvNFTat4hL8oW0KndFpg==}
    dependencies:
      micromark-util-character: 1.1.0
      micromark-util-encode: 1.0.1
      micromark-util-symbol: 1.0.1
    dev: false

  /micromark-util-subtokenize@1.0.2:
    resolution: {integrity: sha512-d90uqCnXp/cy4G881Ub4psE57Sf8YD0pim9QdjCRNjfas2M1u6Lbt+XZK9gnHL2XFhnozZiEdCa9CNfXSfQ6xA==}
    dependencies:
      micromark-util-chunked: 1.0.0
      micromark-util-symbol: 1.0.1
      micromark-util-types: 1.0.2
      uvu: 0.5.6
    dev: false

  /micromark-util-symbol@1.0.1:
    resolution: {integrity: sha512-oKDEMK2u5qqAptasDAwWDXq0tG9AssVwAx3E9bBF3t/shRIGsWIRG+cGafs2p/SnDSOecnt6hZPCE2o6lHfFmQ==}
    dev: false

  /micromark-util-types@1.0.2:
    resolution: {integrity: sha512-DCfg/T8fcrhrRKTPjRrw/5LLvdGV7BHySf/1LOZx7TzWZdYRjogNtyNq885z3nNallwr3QUKARjqvHqX1/7t+w==}
    dev: false

  /micromark@3.1.0:
    resolution: {integrity: sha512-6Mj0yHLdUZjHnOPgr5xfWIMqMWS12zDN6iws9SLuSz76W8jTtAv24MN4/CL7gJrl5vtxGInkkqDv/JIoRsQOvA==}
    dependencies:
      '@types/debug': 4.1.7
      debug: 4.3.4
      decode-named-character-reference: 1.0.2
      micromark-core-commonmark: 1.0.6
      micromark-factory-space: 1.0.0
      micromark-util-character: 1.1.0
      micromark-util-chunked: 1.0.0
      micromark-util-combine-extensions: 1.0.0
      micromark-util-decode-numeric-character-reference: 1.0.0
      micromark-util-encode: 1.0.1
      micromark-util-normalize-identifier: 1.0.0
      micromark-util-resolve-all: 1.0.0
      micromark-util-sanitize-uri: 1.1.0
      micromark-util-subtokenize: 1.0.2
      micromark-util-symbol: 1.0.1
      micromark-util-types: 1.0.2
      uvu: 0.5.6
    transitivePeerDependencies:
      - supports-color
    dev: false

  /mri@1.2.0:
    resolution: {integrity: sha512-tzzskb3bG8LvYGFF/mDTpq3jpI6Q9wc3LEmBaghu+DdCssd1FakN7Bc0hVNmEyGq1bq3RgfkCb3cmQLpNPOroA==}
    engines: {node: '>=4'}
    dev: false

  /ms@2.1.2:
    resolution: {integrity: sha512-sGkPx+VjMtmA6MX27oA4FBFELFCZZ4S4XqeGOXCv68tT+jb3vk/RyaKWP0PTKyWtmLSM0b+adUTEvbs1PEaH2w==}
    dev: false

  /nanoid@3.3.6:
    resolution: {integrity: sha512-BGcqMMJuToF7i1rt+2PWSNVnWIkGCU78jBG3RxO/bZlnZPK2Cmi2QaffxGO/2RvWi9sL+FAiRiXMgsyxQ1DIDA==}
    engines: {node: ^10 || ^12 || ^13.7 || ^14 || >=15.0.1}
    hasBin: true
    dev: false

  /pako@1.0.11:
    resolution: {integrity: sha512-4hLB8Py4zZce5s4yd9XzopqwVv/yGNhV1Bl8NTmCq1763HeK2+EwVTv+leGeL13Dnh2wfbqowVPXCIO0z4taYw==}
    dev: false

  /process-nextick-args@2.0.1:
    resolution: {integrity: sha512-3ouUOpQhtgrbOa17J7+uxOTpITYWaGP7/AhoR3+A+/1e9skrzelGi/dXzEYyvbxubEF6Wn2ypscTKiKJFFn1ag==}
    dev: false

  /readable-stream@2.3.8:
    resolution: {integrity: sha512-8p0AUk4XODgIewSi0l8Epjs+EVnWiK7NoDIEGU0HhE7+ZyY8D1IMY7odu5lRrFXGg71L15KG8QrPmum45RTtdA==}
    dependencies:
      core-util-is: 1.0.3
      inherits: 2.0.4
      isarray: 1.0.0
      process-nextick-args: 2.0.1
      safe-buffer: 5.1.2
      string_decoder: 1.1.1
      util-deprecate: 1.0.2
    dev: false

  /remark-docx@0.1.3:
    resolution: {integrity: sha512-dCUgrge+VPWdHeWq+XBuWI9S/ppt8K8D8rRa/fDtJvZ2o/2WstKirVaDICK5AVnTXW3aeNjH/3uOGzJkS0Jwjg==}
    dependencies:
      '@unified-latex/unified-latex-util-parse': 1.0.12
      docx: 7.8.2
      unist-util-visit: 4.1.2
    dev: false

  /remark-parse@10.0.2:
    resolution: {integrity: sha512-3ydxgHa/ZQzG8LvC7jTXccARYDcRld3VfcgIIFs7bI6vbRSxJJmzgLEIIoYKyrfhaY+ujuWaf/PJiMZXoiCXgw==}
    dependencies:
      '@types/mdast': 3.0.11
      mdast-util-from-markdown: 1.3.0
      unified: 10.1.2
    transitivePeerDependencies:
      - supports-color
    dev: false

  /remark-stringify@10.0.3:
    resolution: {integrity: sha512-koyOzCMYoUHudypbj4XpnAKFbkddRMYZHwghnxd7ue5210WzGw6kOBwauJTRUMq16jsovXx8dYNvSSWP89kZ3A==}
    dependencies:
      '@types/mdast': 3.0.11
      mdast-util-to-markdown: 1.5.0
      unified: 10.1.2
    dev: false

  /remark@14.0.3:
    resolution: {integrity: sha512-bfmJW1dmR2LvaMJuAnE88pZP9DktIFYXazkTfOIKZzi3Knk9lT0roItIA24ydOucI3bV/g/tXBA6hzqq3FV9Ew==}
    dependencies:
      '@types/mdast': 3.0.11
      remark-parse: 10.0.2
      remark-stringify: 10.0.3
      unified: 10.1.2
    transitivePeerDependencies:
      - supports-color
    dev: false

  /sade@1.8.1:
    resolution: {integrity: sha512-xal3CZX1Xlo/k4ApwCFrHVACi9fBqJ7V+mwhBsuf/1IOKbBy098Fex+Wa/5QMubw09pSZ/u8EY8PWgevJsXp1A==}
    engines: {node: '>=6'}
    dependencies:
      mri: 1.2.0
    dev: false

  /safe-buffer@5.1.2:
    resolution: {integrity: sha512-Gd2UZBJDkXlY7GbJxfsE8/nvKkUEU1G38c1siN6QP6a9PT9MmHB8GnpscSmMJSoF8LOIrt8ud/wPtojys4G6+g==}
    dev: false

  /sax@1.2.4:
    resolution: {integrity: sha512-NqVDv9TpANUjFm0N8uM5GxL36UgKi9/atZw+x7YFnQ8ckwFGKrl4xX4yWtrey3UJm5nP1kUbnYgLopqWNSRhWw==}
    dev: false

  /setimmediate@1.0.5:
    resolution: {integrity: sha512-MATJdZp8sLqDl/68LfQmbP8zKPLQNV6BIZoIgrscFDQ+RsvK/BxeDQOgyxKKoh0y/8h3BqVFnCqQ/gd+reiIXA==}
    dev: false

  /simple-swizzle@0.2.2:
    resolution: {integrity: sha512-JA//kQgZtbuY83m+xT+tXJkmJncGMTFT+C+g2h2R9uxkYIrE2yy9sgmcLhCnw57/WSD+Eh3J97FPEDFnbXnDUg==}
    dependencies:
      is-arrayish: 0.3.2
    dev: false

  /string_decoder@1.1.1:
    resolution: {integrity: sha512-n/ShnvDi6FHbbVfviro+WojiFzv+s8MPMHBczVePfUpDJLwoLT0ht1l4YwBCbi8pJAveEEdnkHyPyTP/mzRfwg==}
    dependencies:
      safe-buffer: 5.1.2
    dev: false

  /trie-prefix-tree@1.5.1:
    resolution: {integrity: sha512-Jjvj/dA97wXnabG/NLJUgo4IQMj6vucH+Qxm7of/omfWSmZlPqdRU6Ta4GmQqCZH+n3/iYZUwfvUoEhB0Hs83Q==}
    dev: false

  /trough@2.1.0:
    resolution: {integrity: sha512-AqTiAOLcj85xS7vQ8QkAV41hPDIJ71XJB4RCUrzo/1GM2CQwhkJGaf9Hgr7BOugMRpgGUrqRg/DrBDl4H40+8g==}
    dev: false

  /tslib@2.5.2:
    resolution: {integrity: sha512-5svOrSA2w3iGFDs1HibEVBGbDrAY82bFQ3HZ3ixB+88nsbsWQoKqDRb5UBYAUPEzbBn6dAp5gRNXglySbx1MlA==}
    dev: true

  /unified@10.1.2:
    resolution: {integrity: sha512-pUSWAi/RAnVy1Pif2kAoeWNBa3JVrx0MId2LASj8G+7AiHWoKZNTomq6LG326T68U7/e263X6fTdcXIy7XnF7Q==}
    dependencies:
      '@types/unist': 2.0.6
      bail: 2.0.2
      extend: 3.0.2
      is-buffer: 2.0.5
      is-plain-obj: 4.1.0
      trough: 2.1.0
      vfile: 5.3.7
    dev: false

  /unist-util-is@5.2.1:
    resolution: {integrity: sha512-u9njyyfEh43npf1M+yGKDGVPbY/JWEemg5nH05ncKPfi+kBbKBJoTdsogMu33uhytuLlv9y0O7GH7fEdwLdLQw==}
    dependencies:
      '@types/unist': 2.0.6
    dev: false

  /unist-util-stringify-position@3.0.3:
    resolution: {integrity: sha512-k5GzIBZ/QatR8N5X2y+drfpWG8IDBzdnVj6OInRNWm1oXrzydiaAT2OQiA8DPRRZyAKb9b6I2a6PxYklZD0gKg==}
    dependencies:
      '@types/unist': 2.0.6
    dev: false

  /unist-util-visit-parents@5.1.3:
    resolution: {integrity: sha512-x6+y8g7wWMyQhL1iZfhIPhDAs7Xwbn9nRosDXl7qoPTSCy0yNxnKc+hWokFifWQIDGi154rdUqKvbCa4+1kLhg==}
    dependencies:
      '@types/unist': 2.0.6
      unist-util-is: 5.2.1
    dev: false

  /unist-util-visit@4.1.2:
    resolution: {integrity: sha512-MSd8OUGISqHdVvfY9TPhyK2VdUrPgxkUtWSuMHF6XAAFuL4LokseigBnZtPnJMu+FbynTkFNnFlyjxpVKujMRg==}
    dependencies:
      '@types/unist': 2.0.6
      unist-util-is: 5.2.1
      unist-util-visit-parents: 5.1.3
    dev: false

  /util-deprecate@1.0.2:
    resolution: {integrity: sha512-EPD5q1uXyFxJpCrLnCc1nHnq3gOa6DZBocAIiI2TaSCA7VCJ1UJDMagCzIkXNsUYfD1daK//LTEQ8xiIbrHtcw==}
    dev: false

  /uvu@0.5.6:
    resolution: {integrity: sha512-+g8ENReyr8YsOc6fv/NVJs2vFdHBnBNdfE49rshrTzDWOlUx4Gq7KOS2GD8eqhy2j+Ejq29+SbKH8yjkAqXqoA==}
    engines: {node: '>=8'}
    hasBin: true
    dependencies:
      dequal: 2.0.3
      diff: 5.1.0
      kleur: 4.1.5
      sade: 1.8.1
    dev: false

  /vfile-message@3.1.4:
    resolution: {integrity: sha512-fa0Z6P8HUrQN4BZaX05SIVXic+7kE3b05PWAtPuYP9QLHsLKYR7/AlLW3NtOrpXRLeawpDLMsVkmk5DG0NXgWw==}
    dependencies:
      '@types/unist': 2.0.6
      unist-util-stringify-position: 3.0.3
    dev: false

  /vfile@5.3.7:
    resolution: {integrity: sha512-r7qlzkgErKjobAmyNIkkSpizsFPYiUPuJb5pNW1RB4JcYVZhs4lIbVqk8XPk033CV/1z8ss5pkax8SuhGpcG8g==}
    dependencies:
      '@types/unist': 2.0.6
      is-buffer: 2.0.5
      unist-util-stringify-position: 3.0.3
      vfile-message: 3.1.4
    dev: false

  /xml-js@1.6.11:
    resolution: {integrity: sha512-7rVi2KMfwfWFl+GpPg6m80IVMWXLRjO+PxTq7V2CDhoGak0wzYzFgUY2m4XJ47OGdXd8eLE8EmwfAmdjw7lC1g==}
    hasBin: true
    dependencies:
      sax: 1.2.4
    dev: false

  /xml@1.0.1:
    resolution: {integrity: sha512-huCv9IH9Tcf95zuYCsQraZtWnJvBtLVE0QHMOs8bWyZAFZNDcYjsPq1nEx8jKA9y+Beo9v+7OBPRisQTjinQMw==}
    dev: false

  /zwitch@2.0.4:
    resolution: {integrity: sha512-bXE4cR/kVZhKZX/RjPEflHaKVhUVl85noU3v6b8apfQEc1x4A+zBxjZ4lN8LqGd6WZ3dl98pY4o717VFmoPp+A==}
    dev: false
